{
    "_meta": {
        "hash": {
            "sha256": "53700510b2277db83824f3b4373e7ed2e6a84c1bc31538c0265a9bba9f5f6534"
        },
        "pipfile-spec": 6,
        "requires": {
            "python_version": "3.11"
        },
        "sources": [
            {
                "name": "pypi",
                "url": "https://pypi.org/simple",
                "verify_ssl": true
            }
        ]
    },
    "default": {
        "pypdf": {
            "hashes": [
                "sha256:871badcfe335dd68b6b563aa7646288c6b86f9ceecffb21e86341261d65d8173",
                "sha256:fe7c313c7e8074a516eae9d9df0111b7b9769f7a210479af7a342d27270ef81a"
            ],
            "index": "pypi",
            "markers": "python_version >= '3.6'",
            "version": "==4.0.1"
        }
    },
    "develop": {}
}
